{
  "version": 4,
  "terraform_version": "1.3.7",
  "serial": 6,
  "lineage": "0533fd1c-ff36-3c9b-fd77-f2587ab29d17",
  "outputs": {},
  "resources": [
    {
      "mode": "managed",
      "type": "aws_s3_bucket",
      "name": "b",
      "provider": "provider[\"registry.terraform.io/hashicorp/aws\"]",
      "instances": [
        {
          "schema_version": 0,
          "attributes": {
            "acceleration_status": "",
            "acl": "private",
            "arn": "arn:aws:s3:::luxxy-covid-testing-system-pdf-en-bs28",
            "bucket": "luxxy-covid-testing-system-pdf-en-bs28",
            "bucket_domain_name": "luxxy-covid-testing-system-pdf-en-bs28.s3.amazonaws.com",
            "bucket_prefix": null,
            "bucket_regional_domain_name": "luxxy-covid-testing-system-pdf-en-bs28.s3.amazonaws.com",
            "cors_rule": [],
            "force_destroy": false,
            "grant": [],
            "hosted_zone_id": "Z3AQBSTGFYJSTF",
            "id": "luxxy-covid-testing-system-pdf-en-bs28",
            "lifecycle_rule": [],
            "logging": [],
            "object_lock_configuration": [],
            "object_lock_enabled": false,
            "policy": null,
            "region": "us-east-1",
            "replication_configuration": [],
            "request_payer": "BucketOwner",
            "server_side_encryption_configuration": [],
            "tags": null,
            "tags_all": {},
            "versioning": [
              {
                "enabled": false,
                "mfa_delete": false
              }
            ],
            "website": [],
            "website_domain": null,
            "website_endpoint": null
          },
          "sensitive_attributes": [],
          "private": "bnVsbA=="
        }
      ]
    },
    {
      "mode": "managed",
      "type": "aws_s3_bucket_acl",
      "name": "c",
      "provider": "provider[\"registry.terraform.io/hashicorp/aws\"]",
      "instances": [
        {
          "schema_version": 0,
          "attributes": {
            "access_control_policy": [
              {
                "grant": [
                  {
                    "grantee": [
                      {
                        "display_name": "bhavinshah761",
                        "email_address": "",
                        "id": "058cc9e3a733076652d04e97b9cf1460fda9b6d04ddfb9e6c85f1e2cc6267c45",
                        "type": "CanonicalUser",
                        "uri": ""
                      }
                    ],
                    "permission": "FULL_CONTROL"
                  }
                ],
                "owner": [
                  {
                    "display_name": "bhavinshah761",
                    "id": "058cc9e3a733076652d04e97b9cf1460fda9b6d04ddfb9e6c85f1e2cc6267c45"
                  }
                ]
              }
            ],
            "acl": "private",
            "bucket": "luxxy-covid-testing-system-pdf-en-bs28",
            "expected_bucket_owner": "",
            "id": "luxxy-covid-testing-system-pdf-en-bs28,private"
          },
          "sensitive_attributes": [],
          "private": "bnVsbA==",
          "dependencies": [
            "aws_s3_bucket.b"
          ]
        }
      ]
    },
    {
      "mode": "managed",
      "type": "google_container_cluster",
      "name": "primary",
      "provider": "provider[\"registry.terraform.io/hashicorp/google\"]",
      "instances": [
        {
          "schema_version": 1,
          "attributes": {
            "addons_config": [
              {
                "cloudrun_config": [],
                "config_connector_config": [],
                "dns_cache_config": [
                  {
                    "enabled": true
                  }
                ],
                "gce_persistent_disk_csi_driver_config": [
                  {
                    "enabled": true
                  }
                ],
                "gcp_filestore_csi_driver_config": [
                  {
                    "enabled": true
                  }
                ],
                "gke_backup_agent_config": [],
                "horizontal_pod_autoscaling": [],
                "http_load_balancing": [],
                "network_policy_config": [
                  {
                    "disabled": true
                  }
                ]
              }
            ],
            "authenticator_groups_config": [],
            "binary_authorization": [
              {
                "enabled": false,
                "evaluation_mode": ""
              }
            ],
            "cluster_autoscaling": [
              {
                "auto_provisioning_defaults": [
                  {
                    "boot_disk_kms_key": "",
                    "disk_size": 0,
                    "disk_type": "",
                    "image_type": "COS_CONTAINERD",
                    "management": [
                      {
                        "auto_repair": true,
                        "auto_upgrade": true,
                        "upgrade_options": []
                      }
                    ],
                    "min_cpu_platform": "",
                    "oauth_scopes": [
                      "https://www.googleapis.com/auth/devstorage.read_only",
                      "https://www.googleapis.com/auth/logging.write",
                      "https://www.googleapis.com/auth/monitoring",
                      "https://www.googleapis.com/auth/service.management.readonly",
                      "https://www.googleapis.com/auth/servicecontrol",
                      "https://www.googleapis.com/auth/trace.append"
                    ],
                    "service_account": "default",
                    "shielded_instance_config": [],
                    "upgrade_settings": [
                      {
                        "blue_green_settings": [],
                        "max_surge": 1,
                        "max_unavailable": 0,
                        "strategy": "SURGE"
                      }
                    ]
                  }
                ],
                "enabled": true,
                "resource_limits": [
                  {
                    "maximum": 1000000000,
                    "minimum": 0,
                    "resource_type": "cpu"
                  },
                  {
                    "maximum": 1000000000,
                    "minimum": 0,
                    "resource_type": "memory"
                  },
                  {
                    "maximum": 1000000000,
                    "minimum": 0,
                    "resource_type": "nvidia-tesla-t4"
                  },
                  {
                    "maximum": 1000000000,
                    "minimum": 0,
                    "resource_type": "nvidia-tesla-a100"
                  }
                ]
              }
            ],
            "cluster_ipv4_cidr": "10.25.128.0/17",
            "confidential_nodes": [],
            "cost_management_config": [],
            "database_encryption": [
              {
                "key_name": "",
                "state": "DECRYPTED"
              }
            ],
            "datapath_provider": "ADVANCED_DATAPATH",
            "default_max_pods_per_node": 110,
            "default_snat_status": [
              {
                "disabled": false
              }
            ],
            "description": "",
            "dns_config": [],
            "enable_autopilot": true,
            "enable_binary_authorization": false,
            "enable_intranode_visibility": true,
            "enable_kubernetes_alpha": false,
            "enable_l4_ilb_subsetting": false,
            "enable_legacy_abac": false,
            "enable_shielded_nodes": true,
            "enable_tpu": false,
            "endpoint": "34.145.190.195",
            "gateway_api_config": [],
            "id": "projects/united-button-377323/locations/us-east4/clusters/luxxy-kubernetes-cluster-en",
            "initial_node_count": 1,
            "ip_allocation_policy": [
              {
                "cluster_ipv4_cidr_block": "10.25.128.0/17",
                "cluster_secondary_range_name": "gke-luxxy-kubernetes-cluster-en-pods-a223508d",
                "services_ipv4_cidr_block": "10.26.0.0/22",
                "services_secondary_range_name": "gke-luxxy-kubernetes-cluster-en-services-a223508d"
              }
            ],
            "label_fingerprint": "a9dc16a7",
            "location": "us-east4",
            "logging_config": [
              {
                "enable_components": [
                  "SYSTEM_COMPONENTS",
                  "WORKLOADS"
                ]
              }
            ],
            "logging_service": "logging.googleapis.com/kubernetes",
            "maintenance_policy": [],
            "master_auth": [
              {
                "client_certificate": "",
                "client_certificate_config": [
                  {
                    "issue_client_certificate": false
                  }
                ],
                "client_key": "",
                "cluster_ca_certificate": "LS0tLS1CRUdJTiBDRVJUSUZJQ0FURS0tLS0tCk1JSUVMVENDQXBXZ0F3SUJBZ0lSQUpwMmVUVVlyUUtFQWZCZ2ZDRmkvU0F3RFFZSktvWklodmNOQVFFTEJRQXcKTHpFdE1Dc0dBMVVFQXhNa09Ea3lNVFE0TTJVdE5EWm1PUzAwTm1ZM0xXRTNOREV0WlRJMFpqTTNNR0l5Wm1RNApNQ0FYRFRJek1ESXdPREl6TXpNd05Wb1lEekl3TlRNd01qQXhNREF6TXpBMVdqQXZNUzB3S3dZRFZRUURFeVE0Ck9USXhORGd6WlMwME5tWTVMVFEyWmpjdFlUYzBNUzFsTWpSbU16Y3dZakptWkRnd2dnR2lNQTBHQ1NxR1NJYjMKRFFFQkFRVUFBNElCandBd2dnR0tBb0lCZ1FDNjhGTWw2em5mMWduUGNkcFNPSUcrMVc5UlBaM1pJeUtOUHFzSQpxVXV0Nld3b3lzU0pLemY3L0dRL0NnWFdueitYbFhmeCtSY3Y3a1JKQzFaalVoRy9hNXBRZ3hkVkRvMHBQMVBVCmcvOGVZYXU0cmtOZmJDOFNoNWxzaVBjb2dXbGJ2WmRwS1FQbWFPUW1qbFhCc0xjRzJTOXlQYXZuZm9uZG41encKQzVXdWRLT0c3TXNzNnZvTWVweSswWmw1b1hmY05OUzF5K0RmRUJlNG1RYUNIYTM4a2VRcWpDOHJ0WjVPRmF3VApkY1luQndxWTVJMmJsbHFQNkpxcUd6dTZHWFo5Tkl6T2U0WTArZ1dDZWhhUDVNckZlM3JVSFBpcmlHdGdVS2U5CitYR3Z4QnZxTXQ5emJzL1BEL2Yxb2N3ZnVjSVpmK1drcHRUVnVYSkVQcHh3d1B4NzJFeU9KNk8xcEh1d0NBcnIKN3lsK0hmdXp6aFU1Rlp1WVVFWjFZWXR1NWdkcGR5WVErdC9Nd2lwc0F2dWtJZGZQazkwNkRneUJtT3pCL3VNTgpRbm9rVG13S1VhSkVmK3hTVko2c1U4aWl6a2t0RDBxbExrcnJwRzVxMUFhRnVxM1RGb2h3TnUrZStZSHFMNWQ0CmtDbzdCY3VqdlJ5a3E2Rm1wK0NGYW1GNmFIMENBd0VBQWFOQ01FQXdEZ1lEVlIwUEFRSC9CQVFEQWdJRU1BOEcKQTFVZEV3RUIvd1FGTUFNQkFmOHdIUVlEVlIwT0JCWUVGT0ErbkRuc0k2a3Mzb0xkSFJoL2tORHZWVEJhTUEwRwpDU3FHU0liM0RRRUJDd1VBQTRJQmdRQlo3K1kzWXp6N0J5T2l5eGx6QkV5cld5MGx6SGRoSzFvLzJxV2g5ZHRHCjBjaW9CTkIvYkd3WnR2bmRyQnNPV2E1MHZQd1pVSFpUbUl4d0ZiRlc1eGZ6eTlOYnFVRGhQNy8xdWlGemx5bHgKY1RwUFpGMncrREJ5V0dYOFFIL1RBOWFxaVFzQXZKVzNkaTVSUWo0OXh4K2NkVVpleUFtVnNpRURUZmhhNVZBeApSR1Z3STZyODhuQTIrYnMzREZHRU9TUGZyd3hHMTFZYkVLbkNhTnF2MnpPUEZ1NDhsUkZSTlhwU0RoR3hyWC9HClRNUDRIN3VXREJzRHBxSUR6THVyd0FZZ2tCTEluOUF0Z1hqRVA2amxBak5KWU5KVVhmWXBnZW4zRHpwUkkzL0oKVG5nRmQ4aGJ5L3dpc2R2aVNYR0hVSHU5Z0xYRUVaOUpiRDZFTG5QMjF4blBSbC9MZjZWeTZsc3dtekNJNC9KYgozbWx4a0Q3Mk1iYjQyM1pyRHNzcFRNZHEwZ2VlV2E2eGlNZjc3MzVyZGszeFg0TkxjMXNxdUZGbnFLbk1QcEhhCjcxZ0dhNlROSnZDelR6eklXNUVHYnZyaTdmdE9pblJXSWtUcUZiZFZseTM3L3lOSUdDK0I3RGJ4RkNDbkMxN0wKRTN4U0dwV2p6Z0QzUkdKbmFSYStwdlE9Ci0tLS0tRU5EIENFUlRJRklDQVRFLS0tLS0K"
              }
            ],
            "master_authorized_networks_config": [],
            "master_version": "1.24.8-gke.2000",
            "mesh_certificates": [],
            "min_master_version": null,
            "monitoring_config": [
              {
                "enable_components": [
                  "SYSTEM_COMPONENTS"
                ],
                "managed_prometheus": []
              }
            ],
            "monitoring_service": "monitoring.googleapis.com/kubernetes",
            "name": "luxxy-kubernetes-cluster-en",
            "network": "projects/united-button-377323/global/networks/default",
            "network_policy": [
              {
                "enabled": false,
                "provider": "PROVIDER_UNSPECIFIED"
              }
            ],
            "networking_mode": "VPC_NATIVE",
            "node_config": [
              {
                "boot_disk_kms_key": "",
                "disk_size_gb": 100,
                "disk_type": "pd-standard",
                "gcfs_config": [],
                "guest_accelerator": [],
                "gvnic": [],
                "image_type": "COS_CONTAINERD",
                "kubelet_config": [],
                "labels": {},
                "linux_node_config": [],
                "local_ssd_count": 0,
                "logging_variant": "DEFAULT",
                "machine_type": "e2-medium",
                "metadata": {
                  "disable-legacy-endpoints": "true"
                },
                "min_cpu_platform": "",
                "node_group": "",
                "oauth_scopes": [
                  "https://www.googleapis.com/auth/cloud-platform"
                ],
                "preemptible": false,
                "reservation_affinity": [],
                "resource_labels": null,
                "service_account": "default",
                "shielded_instance_config": [
                  {
                    "enable_integrity_monitoring": true,
                    "enable_secure_boot": true
                  }
                ],
                "spot": false,
                "tags": [],
                "taint": [],
                "workload_metadata_config": [
                  {
                    "mode": "GKE_METADATA"
                  }
                ]
              }
            ],
            "node_locations": [
              "us-east4-a",
              "us-east4-b",
              "us-east4-c"
            ],
            "node_pool": [
              {
                "autoscaling": [
                  {
                    "location_policy": "BALANCED",
                    "max_node_count": 1000,
                    "min_node_count": 0,
                    "total_max_node_count": 0,
                    "total_min_node_count": 0
                  }
                ],
                "initial_node_count": 1,
                "instance_group_urls": [],
                "managed_instance_group_urls": [],
                "management": [
                  {
                    "auto_repair": true,
                    "auto_upgrade": true
                  }
                ],
                "max_pods_per_node": 32,
                "name": "default-pool",
                "name_prefix": "",
                "network_config": [
                  {
                    "create_pod_range": false,
                    "enable_private_nodes": false,
                    "pod_ipv4_cidr_block": "10.25.128.0/17",
                    "pod_range": "gke-luxxy-kubernetes-cluster-en-pods-a223508d"
                  }
                ],
                "node_config": [
                  {
                    "boot_disk_kms_key": "",
                    "disk_size_gb": 100,
                    "disk_type": "pd-standard",
                    "gcfs_config": [],
                    "guest_accelerator": [],
                    "gvnic": [],
                    "image_type": "COS_CONTAINERD",
                    "kubelet_config": [],
                    "labels": {},
                    "linux_node_config": [],
                    "local_ssd_count": 0,
                    "logging_variant": "DEFAULT",
                    "machine_type": "e2-medium",
                    "metadata": {
                      "disable-legacy-endpoints": "true"
                    },
                    "min_cpu_platform": "",
                    "node_group": "",
                    "oauth_scopes": [
                      "https://www.googleapis.com/auth/devstorage.read_only",
                      "https://www.googleapis.com/auth/logging.write",
                      "https://www.googleapis.com/auth/monitoring",
                      "https://www.googleapis.com/auth/service.management.readonly",
                      "https://www.googleapis.com/auth/servicecontrol",
                      "https://www.googleapis.com/auth/trace.append"
                    ],
                    "preemptible": false,
                    "reservation_affinity": [],
                    "resource_labels": {},
                    "service_account": "default",
                    "shielded_instance_config": [
                      {
                        "enable_integrity_monitoring": true,
                        "enable_secure_boot": true
                      }
                    ],
                    "spot": false,
                    "tags": [],
                    "taint": [],
                    "workload_metadata_config": [
                      {
                        "mode": "GKE_METADATA"
                      }
                    ]
                  }
                ],
                "node_count": 0,
                "node_locations": [
                  "us-east4-a",
                  "us-east4-b"
                ],
                "placement_policy": [],
                "upgrade_settings": [
                  {
                    "blue_green_settings": [],
                    "max_surge": 1,
                    "max_unavailable": 0,
                    "strategy": "SURGE"
                  }
                ],
                "version": "1.24.8-gke.2000"
              }
            ],
            "node_pool_defaults": [
              {
                "node_config_defaults": [
                  {
                    "logging_variant": "DEFAULT"
                  }
                ]
              }
            ],
            "node_version": "1.24.8-gke.2000",
            "notification_config": [
              {
                "pubsub": [
                  {
                    "enabled": false,
                    "filter": [],
                    "topic": ""
                  }
                ]
              }
            ],
            "operation": null,
            "private_cluster_config": [
              {
                "enable_private_endpoint": false,
                "enable_private_nodes": false,
                "master_global_access_config": [
                  {
                    "enabled": false
                  }
                ],
                "master_ipv4_cidr_block": "",
                "peering_name": "",
                "private_endpoint": "10.150.0.2",
                "private_endpoint_subnetwork": "",
                "public_endpoint": "34.145.190.195"
              }
            ],
            "private_ipv6_google_access": "",
            "project": "united-button-377323",
            "release_channel": [
              {
                "channel": "REGULAR"
              }
            ],
            "remove_default_node_pool": null,
            "resource_labels": null,
            "resource_usage_export_config": [],
            "self_link": "https://container.googleapis.com/v1/projects/united-button-377323/locations/us-east4/clusters/luxxy-kubernetes-cluster-en",
            "service_external_ips_config": [
              {
                "enabled": false
              }
            ],
            "services_ipv4_cidr": "10.26.0.0/22",
            "subnetwork": "projects/united-button-377323/regions/us-east4/subnetworks/default",
            "timeouts": {
              "create": "30m",
              "delete": null,
              "read": null,
              "update": "40m"
            },
            "tpu_ipv4_cidr_block": "",
            "vertical_pod_autoscaling": [
              {
                "enabled": true
              }
            ],
            "workload_identity_config": [
              {
                "workload_pool": "united-button-377323.svc.id.goog"
              }
            ]
          },
          "sensitive_attributes": [],
          "private": "eyJlMmJmYjczMC1lY2FhLTExZTYtOGY4OC0zNDM2M2JjN2M0YzAiOnsiY3JlYXRlIjoxODAwMDAwMDAwMDAwLCJkZWxldGUiOjI0MDAwMDAwMDAwMDAsInJlYWQiOjI0MDAwMDAwMDAwMDAsInVwZGF0ZSI6MjQwMDAwMDAwMDAwMH0sInNjaGVtYV92ZXJzaW9uIjoiMSJ9"
        }
      ]
    },
    {
      "mode": "managed",
      "type": "google_sql_database",
      "name": "database",
      "provider": "provider[\"registry.terraform.io/hashicorp/google\"]",
      "instances": [
        {
          "schema_version": 0,
          "attributes": {
            "charset": "utf8",
            "collation": "utf8_general_ci",
            "deletion_policy": "DELETE",
            "id": "projects/united-button-377323/instances/luxxy-covid-testing-system-database-instance-en/databases/dbcovidtesting",
            "instance": "luxxy-covid-testing-system-database-instance-en",
            "name": "dbcovidtesting",
            "project": "united-button-377323",
            "self_link": "https://sqladmin.googleapis.com/sql/v1beta4/projects/united-button-377323/instances/luxxy-covid-testing-system-database-instance-en/databases/dbcovidtesting",
            "timeouts": null
          },
          "sensitive_attributes": [],
          "private": "eyJlMmJmYjczMC1lY2FhLTExZTYtOGY4OC0zNDM2M2JjN2M0YzAiOnsiY3JlYXRlIjoxMjAwMDAwMDAwMDAwLCJkZWxldGUiOjEyMDAwMDAwMDAwMDAsInVwZGF0ZSI6MTIwMDAwMDAwMDAwMH19",
          "dependencies": [
            "google_sql_database_instance.instance"
          ]
        }
      ]
    },
    {
      "mode": "managed",
      "type": "google_sql_database_instance",
      "name": "instance",
      "provider": "provider[\"registry.terraform.io/hashicorp/google\"]",
      "instances": [
        {
          "schema_version": 0,
          "attributes": {
            "available_maintenance_versions": [],
            "clone": [],
            "connection_name": "united-button-377323:us-east4:luxxy-covid-testing-system-database-instance-en",
            "database_version": "MYSQL_5_7",
            "deletion_protection": true,
            "encryption_key_name": null,
            "first_ip_address": "34.86.109.161",
            "id": "luxxy-covid-testing-system-database-instance-en",
            "instance_type": "CLOUD_SQL_INSTANCE",
            "ip_address": [
              {
                "ip_address": "34.86.109.161",
                "time_to_retire": "",
                "type": "PRIMARY"
              }
            ],
            "maintenance_version": "MYSQL_5_7_39.R20221108.00_03",
            "master_instance_name": "",
            "name": "luxxy-covid-testing-system-database-instance-en",
            "private_ip_address": "",
            "project": "united-button-377323",
            "public_ip_address": "34.86.109.161",
            "region": "us-east4",
            "replica_configuration": [],
            "restore_backup_context": [],
            "root_password": null,
            "self_link": "https://sqladmin.googleapis.com/sql/v1beta4/projects/united-button-377323/instances/luxxy-covid-testing-system-database-instance-en",
            "server_ca_cert": [
              {
                "cert": "-----BEGIN CERTIFICATE-----\nMIIDfzCCAmegAwIBAgIBADANBgkqhkiG9w0BAQsFADB3MS0wKwYDVQQuEyQzYjI5\nZDcxMy1hNjEyLTQ2NTYtOTZiMC1iOGQyY2M3NDI1NTExIzAhBgNVBAMTGkdvb2ds\nZSBDbG91ZCBTUUwgU2VydmVyIENBMRQwEgYDVQQKEwtHb29nbGUsIEluYzELMAkG\nA1UEBhMCVVMwHhcNMjMwMjA5MDAzNDE1WhcNMzMwMjA2MDAzNTE1WjB3MS0wKwYD\nVQQuEyQzYjI5ZDcxMy1hNjEyLTQ2NTYtOTZiMC1iOGQyY2M3NDI1NTExIzAhBgNV\nBAMTGkdvb2dsZSBDbG91ZCBTUUwgU2VydmVyIENBMRQwEgYDVQQKEwtHb29nbGUs\nIEluYzELMAkGA1UEBhMCVVMwggEiMA0GCSqGSIb3DQEBAQUAA4IBDwAwggEKAoIB\nAQCchJTmKi7YERPAN5aya0dDZ/fznpoHcE2Y7eqPypqxVrmWwqWwgSmK3qCzNSRE\n0iUTWBo5G9zzYj/IJaaa4nSuB7luTmZPBdmKb3+pTxXVb90QbR4QFR19FeYGXvQt\nZaBuemaAy4bUoG/xOagOp/tR1/3LDC3o3J6OdpC/6DUBMTWoErSsKQwvMrQxbV5q\nDoQEcmzJfp5Y25ArRPZmMxifBWEI8twrl61afxPZMi75iZWyT79opqwePUCbcEgm\noycogkrCfx3B9oVHYNTPE/xZ5obScFL5OI7kWzqVXzpap507ghz5upsaq+zPZJGF\nfUXaaxzt4+LQukCFD66TLSAfAgMBAAGjFjAUMBIGA1UdEwEB/wQIMAYBAf8CAQAw\nDQYJKoZIhvcNAQELBQADggEBADk7q9rkxIBtCHal1qiDjsXNHNVL3oPp+8Xpifxl\n6bkslMGEsySkSroV2hEDvlnnMCFtbgbHDDQGDdZ/PPTN+0Exs3H27X2FQMtKMBcg\nAoEpuHZw5YFKp+FeHfP59Pc+yTX4oche/0L6grHUMnjwv2BLefQHlXtN+p4dRZA5\nKmADI62Ey9li69ab8kcdJKvP7kC8P9E3N579oZfTeJj9BKfp75eAnXCg/FIF+PFa\nOWiA7a4y02XFH6u0D9fWMFcB6DRmRwc3uFNE3u2XoPUjGAH9REmiFzpDrlGwjLEN\n2HrAjchKrMLkEdMDSxtZIrd0chl/Hu4WKw7tHQSu/duhOzI=\n-----END CERTIFICATE-----",
                "common_name": "C=US,O=Google\\, Inc,CN=Google Cloud SQL Server CA,dnQualifier=3b29d713-a612-4656-96b0-b8d2cc742551",
                "create_time": "2023-02-09T00:34:15.171Z",
                "expiration_time": "2033-02-06T00:35:15.171Z",
                "sha1_fingerprint": "c1996fe5a9ad3b24d111e06a4159222b8d5a4b99"
              }
            ],
            "service_account_email_address": "p577801577116-3ygu4e@gcp-sa-cloud-sql.iam.gserviceaccount.com",
            "settings": [
              {
                "activation_policy": "ALWAYS",
                "active_directory_config": [],
                "availability_type": "ZONAL",
                "backup_configuration": [
                  {
                    "backup_retention_settings": [
                      {
                        "retained_backups": 7,
                        "retention_unit": "COUNT"
                      }
                    ],
                    "binary_log_enabled": false,
                    "enabled": false,
                    "location": "",
                    "point_in_time_recovery_enabled": false,
                    "start_time": "14:00",
                    "transaction_log_retention_days": 7
                  }
                ],
                "collation": "",
                "connector_enforcement": "NOT_REQUIRED",
                "database_flags": [],
                "deletion_protection_enabled": false,
                "deny_maintenance_period": [],
                "disk_autoresize": true,
                "disk_autoresize_limit": 0,
                "disk_size": 10,
                "disk_type": "PD_SSD",
                "insights_config": [],
                "ip_configuration": [
                  {
                    "allocated_ip_range": "",
                    "authorized_networks": [],
                    "ipv4_enabled": true,
                    "private_network": "",
                    "require_ssl": false
                  }
                ],
                "location_preference": [
                  {
                    "follow_gae_application": "",
                    "secondary_zone": "",
                    "zone": "us-east4-c"
                  }
                ],
                "maintenance_window": [],
                "password_validation_policy": [],
                "pricing_plan": "PER_USE",
                "sql_server_audit_config": [],
                "tier": "db-f1-micro",
                "time_zone": "",
                "user_labels": {},
                "version": 1
              }
            ],
            "timeouts": null
          },
          "sensitive_attributes": [],
          "private": "eyJlMmJmYjczMC1lY2FhLTExZTYtOGY4OC0zNDM2M2JjN2M0YzAiOnsiY3JlYXRlIjoyNDAwMDAwMDAwMDAwLCJkZWxldGUiOjE4MDAwMDAwMDAwMDAsInVwZGF0ZSI6MTgwMDAwMDAwMDAwMH19"
        }
      ]
    }
  ],
  "check_results": null
}
